hash: 2054dc860d6d1d14b95f711f3cbb7941213766d274dcd23439a9bb82e8b20625
updated: 2017-03-25T22:59:38.246101464+05:30
imports:
- name: github.com/daviddengcn/go-colortext
  version: 805cee6e0d43c72ba1d4e3275965ff41e0da068a
- name: github.com/fatih/structs
  version: a720dfa8df582c51dee1b36feabb906bde1588bd
- name: github.com/geekypanda/httpcache
  version: 76ba6c68462ae362cda7564c44492b95322b363a
  subpackages:
  - internal
  - internal/fhttp
  - internal/fhttp/rule
  - internal/nethttp
  - internal/nethttp/rule
  - internal/server
- name: github.com/go-redis/redis
  version: 2cf5af9928978bbef8d1076607022403439e177c
- name: github.com/go-sql-driver/mysql
  version: 2e00b5cd70399450106cec6431c2e2ce3cae5034
- name: github.com/google/go-github
  version: dfd20fd7fa6edec56447fcb049acd5e17a78ec2e
  subpackages:
  - github
- name: github.com/google/go-querystring
  version: 53e6ce116135b80d037921a7fdd5138cf32d7a8a
  subpackages:
  - query
- name: github.com/gorilla/websocket
  version: 5ade364dff1f03abefdae800ed19074bf707b08f
- name: github.com/hashicorp/go-version
  version: 03c5bf6be031b6dd45afec16b1cf94fc8938bc77
- name: github.com/imdario/mergo
  version: 50d4dbd4eb0e84778abe37cefef140271d96fade
- name: github.com/iris-contrib/formBinder
  version: 81b6a071e35797b83562caf4b3cad24dc01912dc
- name: github.com/iris-contrib/lego
  version: 095d7f6459c501cb15319aa2754afa221b81a3ec
  subpackages:
  - acme
- name: github.com/iris-contrib/letsencrypt
  version: 1a3e5c619a13b307df3b1b4da7cb7e57d2e156dd
- name: github.com/iris-contrib/middleware
  version: eff973db50aaea60190e75f8f5dc343f7de34b38
  subpackages:
  - cors
  - logger
  - recovery
- name: github.com/jlaffaye/ftp
  version: 7b85eb4638a2c0473acefcfb929a98f879c15c86
- name: github.com/jmoiron/sqlx
  version: 8ed836a8adb659e8492bcaa49e0880bb84075fe2
  subpackages:
  - reflectx
- name: github.com/kataras/go-errors
  version: 0f977b82cc78d5d31bb75fb6f903ad9e852c8bbd
- name: github.com/kataras/go-fs
  version: c029e113d9faaf558b730f06041c8bf9545a3502
- name: github.com/kataras/go-options
  version: 23b556c1b935c594ec6d71ff81ead4dbeec3aa8d
- name: github.com/kataras/go-serializer
  version: 0bd874a15c70db74ef2e668e5eeda27041f03b81
  subpackages:
  - data
  - json
  - jsonp
  - markdown
  - text
  - xml
- name: github.com/kataras/go-sessions
  version: 04deab647813d0e41cd6496c6439ec400504cd52
- name: github.com/kataras/go-template
  version: d8e3d78a3b73aaeaeb21fd639b6b13358f680dcf
  subpackages:
  - html
- name: github.com/kataras/iris
  version: c598e7bee38a260b7173418a33281bf1a9f91aab
- name: github.com/klauspost/compress
  version: 461e8fd8397ae84a23f56e385801e4feda2048ce
  subpackages:
  - flate
  - gzip
  - zlib
- name: github.com/klauspost/cpuid
  version: 09cded8978dc9e80714c4d85b0322337b0a1e5e0
- name: github.com/klauspost/crc32
  version: 1bab8b35b6bb565f92cbc97939610af9369f942a
- name: github.com/lib/pq
  version: 472a0745531a17dbac346e828b4c60e73ddff30c
  subpackages:
  - oid
- name: github.com/markbates/going
  version: 0576708c56cea02331f864fe6e157ac7841923e4
  subpackages:
  - defaults
  - randx
  - wait
- name: github.com/markbates/inflect
  version: 3e74c98c9bcf4148db59b58e94ba545314ae9f61
- name: github.com/markbates/pop
  version: 419edd5c2a58d8363d825bd22c1c2304cb57539b
  subpackages:
  - '...'
  - columns
  - fizz
  - fizz/translators
- name: github.com/markbates/validate
  version: 45e9150718f6ce4de57a29f3968458cb74f9f312
  subpackages:
  - validators
- name: github.com/mattn/anko
  version: bbb27a2b2841493a96350331a89f2199ddafc651
  subpackages:
  - ast
  - builtins
  - builtins/encoding/json
  - builtins/errors
  - builtins/flag
  - builtins/fmt
  - builtins/github.com/daviddengcn/go-colortext
  - builtins/io
  - builtins/io/ioutil
  - builtins/math
  - builtins/math/big
  - builtins/math/rand
  - builtins/net
  - builtins/net/http
  - builtins/net/url
  - builtins/os
  - builtins/os/exec
  - builtins/os/signal
  - builtins/path
  - builtins/path/filepath
  - builtins/regexp
  - builtins/runtime
  - builtins/sort
  - builtins/strings
  - builtins/time
  - parser
  - vm
- name: github.com/mattn/go-sqlite3
  version: eac1dfa2a61ebccaa117538a5bb12044f6700cd0
- name: github.com/microcosm-cc/bluemonday
  version: e79763773ab6222ca1d5a7cbd9d62d83c1f77081
- name: github.com/miekg/dns
  version: 5a15a35f5f671cf6ad8b316b50607c76e5e87fb6
- name: github.com/moul/http2curl
  version: 4e24498b31dba4683efb9d35c1c8a91e2eda28c8
- name: github.com/olebedev/config
  version: afea898d27c7d17376ecc60c7c2e73c76b40060e
- name: github.com/parnurzeal/gorequest
  version: a578a48e8d6ca8b01a3b18314c43c6716bb5f5a3
- name: github.com/pkg/errors
  version: ff09b135c25aae272398c51a07235b90a75aa4f0
- name: github.com/russross/blackfriday
  version: 5f33e7b7878355cd2b7e6b8eefc48a5472c69f70
- name: github.com/satori/go.uuid
  version: b061729afc07e77a8aa4fad0a2fd840958f1942a
- name: github.com/serenize/snaker
  version: 543781d2b79bd95c51ffe70e70a55c946ca211ff
- name: github.com/shurcooL/sanitized_anchor_name
  version: 1dba4b3954bc059efc3991ec364f9f9a35f597d2
- name: github.com/square/go-jose
  version: d5683d954d08cd430460c651e2a2fff4f3b39f86
- name: github.com/valyala/bytebufferpool
  version: e746df99fe4a3986f4d4f79e13c1e0117ce9c2f7
- name: github.com/valyala/fasthttp
  version: 32c72cde80f0c591604f825586d6a4bbbb39d9c5
  subpackages:
  - fasthttpadaptor
  - fasthttputil
  - stackless
- name: github.com/ybbus/jsonrpc
  version: 1846c13ee8bfa0855008fa32dfb161e6808890ee
- name: golang.org/x/crypto
  version: 453249f01cfeb54c3d549ddb75ff152ca243f9d8
  subpackages:
  - acme
  - acme/autocert
  - ocsp
  - sha3
- name: golang.org/x/net
  version: b4690f45fa1cafc47b1c280c2e75116efe40cc13
  subpackages:
  - context
  - context/ctxhttp
  - html
  - html/atom
  - publicsuffix
- name: golang.org/x/time
  version: f51c12702a4d776e4c1fa9b0fabab841babae631
  subpackages:
  - rate
- name: gopkg.in/iris-contrib/websocket.v5
  version: bc14117ad25db88dd667f03170dc6db1e5c1f78f
- name: gopkg.in/kataras/go-websocket.v0
  version: 92bcac17911011e7fb01a8905b9c19c0402dfc9d
- name: gopkg.in/kataras/iris.v5
  version: c598e7bee38a260b7173418a33281bf1a9f91aab
  subpackages:
  - utils
- name: gopkg.in/square/go-jose.v1
  version: d5683d954d08cd430460c651e2a2fff4f3b39f86
- name: gopkg.in/square/go-jose.v2
  version: 296c7f1463ec9b712176dc804dea0173d06dc728
  subpackages:
  - cipher
  - json
- name: gopkg.in/yaml.v2
  version: a3f3340b5840cee44f372bddb5880fcbc419b46a
testImports: []
